
Microsoft Visual Studio Solution File, Format Version 12.00
# Visual Studio Version 16
VisualStudioVersion = 16.0.30309.148
MinimumVisualStudioVersion = 10.0.40219.1
Project("{2150E333-8FDC-42A3-9474-1A3956D46DE8}") = "Application", "Application", "{A0FC7FA1-10A3-4045-9591-9C6DD07B8802}"
EndProject
Project("{2150E333-8FDC-42A3-9474-1A3956D46DE8}") = "Domain", "Domain", "{EE0E64E1-FEC2-47B4-BDE3-281CDC7B98E5}"
EndProject
Project("{2150E333-8FDC-42A3-9474-1A3956D46DE8}") = "Insfrastructure.Data", "Insfrastructure.Data", "{C3D3CC38-497C-461C-AE9D-5CC37CDA4E36}"
EndProject
Project("{2150E333-8FDC-42A3-9474-1A3956D46DE8}") = "Infrastructure.Ioc", "Infrastructure.Ioc", "{C1FED167-CC3B-4769-A90D-BAD1437FB13E}"
EndProject
Project("{2150E333-8FDC-42A3-9474-1A3956D46DE8}") = "CleanArch.UI.Mvc", "CleanArch.UI.Mvc", "{5B7D4518-B11A-41CE-9331-BE54FC69B755}"
EndProject
Project("{FAE04EC0-301F-11D3-BF4B-00C04F79EFBC}") = "CleanArch.Mvc", "CleanArch.Mvc\CleanArch.Mvc.csproj", "{67301EC9-5234-42C0-B6F5-5A0EA34D62FD}"
EndProject
Project("{FAE04EC0-301F-11D3-BF4B-00C04F79EFBC}") = "CleanArch.Domain", "CleanArch.Domain\CleanArch.Domain.csproj", "{BD7359D5-757A-47AC-BCD8-92E4AC205F52}"
EndProject
Global
	GlobalSection(SolutionConfigurationPlatforms) = preSolution
		Debug|Any CPU = Debug|Any CPU
		Release|Any CPU = Release|Any CPU
	EndGlobalSection
	GlobalSection(ProjectConfigurationPlatforms) = postSolution
		{67301EC9-5234-42C0-B6F5-5A0EA34D62FD}.Debug|Any CPU.ActiveCfg = Debug|Any CPU
		{67301EC9-5234-42C0-B6F5-5A0EA34D62FD}.Debug|Any CPU.Build.0 = Debug|Any CPU
		{67301EC9-5234-42C0-B6F5-5A0EA34D62FD}.Release|Any CPU.ActiveCfg = Release|Any CPU
		{67301EC9-5234-42C0-B6F5-5A0EA34D62FD}.Release|Any CPU.Build.0 = Release|Any CPU
		{BD7359D5-757A-47AC-BCD8-92E4AC205F52}.Debug|Any CPU.ActiveCfg = Debug|Any CPU
		{BD7359D5-757A-47AC-BCD8-92E4AC205F52}.Debug|Any CPU.Build.0 = Debug|Any CPU
		{BD7359D5-757A-47AC-BCD8-92E4AC205F52}.Release|Any CPU.ActiveCfg = Release|Any CPU
		{BD7359D5-757A-47AC-BCD8-92E4AC205F52}.Release|Any CPU.Build.0 = Release|Any CPU
	EndGlobalSection
	GlobalSection(SolutionProperties) = preSolution
		HideSolutionNode = FALSE
	EndGlobalSection
	GlobalSection(NestedProjects) = preSolution
		{67301EC9-5234-42C0-B6F5-5A0EA34D62FD} = {5B7D4518-B11A-41CE-9331-BE54FC69B755}
		{BD7359D5-757A-47AC-BCD8-92E4AC205F52} = {EE0E64E1-FEC2-47B4-BDE3-281CDC7B98E5}
	EndGlobalSection
	GlobalSection(ExtensibilityGlobals) = postSolution
		SolutionGuid = {06EFC7EC-BB29-4DC6-BBE2-1BF1D1D27BDA}
	EndGlobalSection
EndGlobal
